
Microsoft Visual Studio Solution File, Format Version 12.00
# Visual Studio Version 17
VisualStudioVersion = 17.2.32526.322
MinimumVisualStudioVersion = 10.0.40219.1
Project("{9A19103F-16F7-4668-BE54-9A1E7A4F7556}") = "ConsoleApp", "src\ConsoleApp\ConsoleApp.csproj", "{9E4F9BE2-978B-46F4-95F7-D474DB5B764B}"
EndProject
Project("{FAE04EC0-301F-11D3-BF4B-00C04F79EFBC}") = "ClassLibrary", "src\ClassLibrary\ClassLibrary.csproj", "{3C4E533C-B4CF-45F2-BCB3-F66623316C05}"
EndProject
Global
	GlobalSection(SolutionConfigurationPlatforms) = preSolution
		Debug|Any CPU = Debug|Any CPU
		Release|Any CPU = Release|Any CPU
	EndGlobalSection
	GlobalSection(ProjectConfigurationPlatforms) = postSolution
		{9E4F9BE2-978B-46F4-95F7-D474DB5B764B}.Debug|Any CPU.ActiveCfg = Debug|Any CPU
		{9E4F9BE2-978B-46F4-95F7-D474DB5B764B}.Debug|Any CPU.Build.0 = Debug|Any CPU
		{9E4F9BE2-978B-46F4-95F7-D474DB5B764B}.Release|Any CPU.ActiveCfg = Release|Any CPU
		{9E4F9BE2-978B-46F4-95F7-D474DB5B764B}.Release|Any CPU.Build.0 = Release|Any CPU
		{3C4E533C-B4CF-45F2-BCB3-F66623316C05}.Debug|Any CPU.ActiveCfg = Debug|Any CPU
		{3C4E533C-B4CF-45F2-BCB3-F66623316C05}.Debug|Any CPU.Build.0 = Debug|Any CPU
		{3C4E533C-B4CF-45F2-BCB3-F66623316C05}.Release|Any CPU.ActiveCfg = Release|Any CPU
		{3C4E533C-B4CF-45F2-BCB3-F66623316C05}.Release|Any CPU.Build.0 = Release|Any CPU
	EndGlobalSection
	GlobalSection(SolutionProperties) = preSolution
		HideSolutionNode = FALSE
	EndGlobalSection
	GlobalSection(ExtensibilityGlobals) = postSolution
		SolutionGuid = {CE35C49C-303D-4E32-BA94-B9F0511680B1}
	EndGlobalSection
EndGlobal
